
Microsoft Visual Studio Solution File, Format Version 12.00
# Visual Studio Version 16
VisualStudioVersion = 16.0.29001.49
MinimumVisualStudioVersion = 10.0.40219.1
Project("{FAE04EC0-301F-11D3-BF4B-00C04F79EFBC}") = "GatewaySample.API", "GatewaySample.API\GatewaySample.API.csproj", "{3CABC886-C893-4F1D-BDF3-C95B0FA0CB7C}"
EndProject
Global
	GlobalSection(SolutionConfigurationPlatforms) = preSolution
		Debug|Any CPU = Debug|Any CPU
		Release|Any CPU = Release|Any CPU
	EndGlobalSection
	GlobalSection(ProjectConfigurationPlatforms) = postSolution
		{3CABC886-C893-4F1D-BDF3-C95B0FA0CB7C}.Debug|Any CPU.ActiveCfg = Debug|Any CPU
		{3CABC886-C893-4F1D-BDF3-C95B0FA0CB7C}.Debug|Any CPU.Build.0 = Debug|Any CPU
		{3CABC886-C893-4F1D-BDF3-C95B0FA0CB7C}.Release|Any CPU.ActiveCfg = Release|Any CPU
		{3CABC886-C893-4F1D-BDF3-C95B0FA0CB7C}.Release|Any CPU.Build.0 = Release|Any CPU
	EndGlobalSection
	GlobalSection(SolutionProperties) = preSolution
		HideSolutionNode = FALSE
	EndGlobalSection
	GlobalSection(ExtensibilityGlobals) = postSolution
		SolutionGuid = {B03ACA7E-99B0-485B-B3A4-6673BF748E26}
	EndGlobalSection
EndGlobal
